
Microsoft Visual Studio Solution File, Format Version 12.00
# Visual Studio Version 17
VisualStudioVersion = 17.12.35527.113
MinimumVisualStudioVersion = 10.0.40219.1
Project("{FAE04EC0-301F-11D3-BF4B-00C04F79EFBC}") = "ProductCatalogAPI", "ProductCatalogAPI\ProductCatalogAPI.csproj", "{6F464441-DDBF-4341-A30A-BC624C235CE9}"
EndProject
Project("{E53339B2-1760-4266-BCC7-CA923CBCF16C}") = "docker-compose", "docker-compose.dcproj", "{C7EFC19D-90EF-42CD-96E4-293B0D86001F}"
EndProject
Project("{2150E333-8FDC-42A3-9474-1A3956D46DE8}") = "k8s", "k8s", "{514BAFB3-75C3-4936-A44F-CA216F2FB5F7}"
	ProjectSection(SolutionItems) = preProject
		..\..\..\Desktop\productcatalogk8s\configmap.yaml = ..\..\..\Desktop\productcatalogk8s\configmap.yaml
		..\..\..\Desktop\productcatalogk8s\deployment.yaml = ..\..\..\Desktop\productcatalogk8s\deployment.yaml
		..\..\..\Desktop\productcatalogk8s\secret.yaml = ..\..\..\Desktop\productcatalogk8s\secret.yaml
		..\..\..\Desktop\productcatalogk8s\service.yaml = ..\..\..\Desktop\productcatalogk8s\service.yaml
	EndProjectSection
EndProject
Global
	GlobalSection(SolutionConfigurationPlatforms) = preSolution
		Debug|Any CPU = Debug|Any CPU
		Release|Any CPU = Release|Any CPU
	EndGlobalSection
	GlobalSection(ProjectConfigurationPlatforms) = postSolution
		{6F464441-DDBF-4341-A30A-BC624C235CE9}.Debug|Any CPU.ActiveCfg = Debug|Any CPU
		{6F464441-DDBF-4341-A30A-BC624C235CE9}.Debug|Any CPU.Build.0 = Debug|Any CPU
		{6F464441-DDBF-4341-A30A-BC624C235CE9}.Release|Any CPU.ActiveCfg = Release|Any CPU
		{6F464441-DDBF-4341-A30A-BC624C235CE9}.Release|Any CPU.Build.0 = Release|Any CPU
		{C7EFC19D-90EF-42CD-96E4-293B0D86001F}.Debug|Any CPU.ActiveCfg = Debug|Any CPU
		{C7EFC19D-90EF-42CD-96E4-293B0D86001F}.Debug|Any CPU.Build.0 = Debug|Any CPU
		{C7EFC19D-90EF-42CD-96E4-293B0D86001F}.Release|Any CPU.ActiveCfg = Release|Any CPU
		{C7EFC19D-90EF-42CD-96E4-293B0D86001F}.Release|Any CPU.Build.0 = Release|Any CPU
	EndGlobalSection
	GlobalSection(SolutionProperties) = preSolution
		HideSolutionNode = FALSE
	EndGlobalSection
EndGlobal
